
Microsoft Visual Studio Solution File, Format Version 12.00
# Visual Studio Version 17
VisualStudioVersion = 17.6.33712.159
MinimumVisualStudioVersion = 10.0.40219.1
Project("{9092AA53-FB77-4645-B42D-1CCCA6BD08BD}") = "mpc_node_websocket_chat_server", "mpc_node_websocket_chat_server.njsproj", "{D298A2F0-B856-429D-B507-41C5A4D0F6A6}"
EndProject
Global
	GlobalSection(SolutionConfigurationPlatforms) = preSolution
		Debug|Any CPU = Debug|Any CPU
		Release|Any CPU = Release|Any CPU
	EndGlobalSection
	GlobalSection(ProjectConfigurationPlatforms) = postSolution
		{D298A2F0-B856-429D-B507-41C5A4D0F6A6}.Debug|Any CPU.ActiveCfg = Debug|Any CPU
		{D298A2F0-B856-429D-B507-41C5A4D0F6A6}.Debug|Any CPU.Build.0 = Debug|Any CPU
		{D298A2F0-B856-429D-B507-41C5A4D0F6A6}.Release|Any CPU.ActiveCfg = Release|Any CPU
		{D298A2F0-B856-429D-B507-41C5A4D0F6A6}.Release|Any CPU.Build.0 = Release|Any CPU
	EndGlobalSection
	GlobalSection(SolutionProperties) = preSolution
		HideSolutionNode = FALSE
	EndGlobalSection
	GlobalSection(ExtensibilityGlobals) = postSolution
		SolutionGuid = {D45A704B-B341-4320-A893-A59AF1270E4E}
	EndGlobalSection
EndGlobal
